
Microsoft Visual Studio Solution File, Format Version 12.00
# Visual Studio Version 16
VisualStudioVersion = 16.0.30711.63
MinimumVisualStudioVersion = 10.0.40219.1
Project("{9A19103F-16F7-4668-BE54-9A1E7A4F7556}") = "YY.MicroService.Client", "YY.MicroService.Client\YY.MicroService.Client.csproj", "{85888A03-76A3-4278-9A05-EBE763057CFB}"
EndProject
Project("{9A19103F-16F7-4668-BE54-9A1E7A4F7556}") = "YY.MicroService.Framework", "YY.MicroService.Framework\YY.MicroService.Framework.csproj", "{009AF996-C2DE-400B-A56E-8C679F5EEB28}"
EndProject
Project("{9A19103F-16F7-4668-BE54-9A1E7A4F7556}") = "YY.MicroService.Interface", "YY.MicroService.Interface\YY.MicroService.Interface.csproj", "{0281585E-DD5A-4AED-ACCC-864910C51CB2}"
EndProject
Project("{9A19103F-16F7-4668-BE54-9A1E7A4F7556}") = "YY.MicroService.Model", "YY.MicroService.Model\YY.MicroService.Model.csproj", "{B75D9070-1D21-484C-97C6-87F7E02B542B}"
EndProject
Project("{9A19103F-16F7-4668-BE54-9A1E7A4F7556}") = "YY.MicroService.Service", "YY.MicroService.Service\YY.MicroService.Service.csproj", "{F2BF6B35-49BF-4A3C-B672-A491F8D99064}"
EndProject
Project("{9A19103F-16F7-4668-BE54-9A1E7A4F7556}") = "YY.MicroService.ServiceInstance", "YY.MicroService.ServiceInstance\YY.MicroService.ServiceInstance.csproj", "{B16A1595-9E88-42CB-A9A4-2A3FD75BA879}"
EndProject
Project("{2150E333-8FDC-42A3-9474-1A3956D46DE8}") = "01 Client", "01 Client", "{B94304FC-291A-41CD-9E82-8C59B4EE1F51}"
EndProject
Project("{2150E333-8FDC-42A3-9474-1A3956D46DE8}") = "02 MicroService", "02 MicroService", "{E032D23C-5362-46CB-BED7-26E289C8A0B6}"
EndProject
Project("{2150E333-8FDC-42A3-9474-1A3956D46DE8}") = "03 Common", "03 Common", "{EA3F7C47-7F15-4B44-9ABC-36271DD9432A}"
EndProject
Project("{2150E333-8FDC-42A3-9474-1A3956D46DE8}") = "04 Business", "04 Business", "{59286EF0-296C-4384-AFCD-9544ECCA7A72}"
EndProject
Project("{9A19103F-16F7-4668-BE54-9A1E7A4F7556}") = "YY.MicroService.gRPCService", "YY.MicroService.gRPCService\YY.MicroService.gRPCService.csproj", "{DCAADC30-C60D-4F5D-AD1A-131CDCC91914}"
EndProject
Project("{2150E333-8FDC-42A3-9474-1A3956D46DE8}") = "05 Test", "05 Test", "{23D53CD4-0637-42E7-8EAB-9FAB0F9110B6}"
EndProject
Project("{9A19103F-16F7-4668-BE54-9A1E7A4F7556}") = "YY.MicroService.Polly", "YY.MicroService.Polly\YY.MicroService.Polly.csproj", "{64C86E6A-00F5-4278-BBA5-DF1A934782CB}"
EndProject
Project("{9A19103F-16F7-4668-BE54-9A1E7A4F7556}") = "YY.MicroService.Polly.WebApi", "YY.MicroService.Polly.WebApi\YY.MicroService.Polly.WebApi.csproj", "{E586B466-6029-457E-AF24-A75985FC4C2E}"
EndProject
Project("{9A19103F-16F7-4668-BE54-9A1E7A4F7556}") = "YY.MicroService.OrderServiceInstance", "YY.MicroService.OrderServiceInstance\YY.MicroService.OrderServiceInstance.csproj", "{58D1DBB6-3D9A-46BF-9828-A3AF8EE78079}"
EndProject
Project("{9A19103F-16F7-4668-BE54-9A1E7A4F7556}") = "YY.MicroService.GatewayCenter", "YY.MicroService.GatewayCenter\YY.MicroService.GatewayCenter.csproj", "{4F13A1E3-EF9A-4959-9891-822161A36C1E}"
EndProject
Global
	GlobalSection(SolutionConfigurationPlatforms) = preSolution
		Debug|Any CPU = Debug|Any CPU
		Release|Any CPU = Release|Any CPU
	EndGlobalSection
	GlobalSection(ProjectConfigurationPlatforms) = postSolution
		{85888A03-76A3-4278-9A05-EBE763057CFB}.Debug|Any CPU.ActiveCfg = Debug|Any CPU
		{85888A03-76A3-4278-9A05-EBE763057CFB}.Debug|Any CPU.Build.0 = Debug|Any CPU
		{85888A03-76A3-4278-9A05-EBE763057CFB}.Release|Any CPU.ActiveCfg = Release|Any CPU
		{85888A03-76A3-4278-9A05-EBE763057CFB}.Release|Any CPU.Build.0 = Release|Any CPU
		{009AF996-C2DE-400B-A56E-8C679F5EEB28}.Debug|Any CPU.ActiveCfg = Debug|Any CPU
		{009AF996-C2DE-400B-A56E-8C679F5EEB28}.Debug|Any CPU.Build.0 = Debug|Any CPU
		{009AF996-C2DE-400B-A56E-8C679F5EEB28}.Release|Any CPU.ActiveCfg = Release|Any CPU
		{009AF996-C2DE-400B-A56E-8C679F5EEB28}.Release|Any CPU.Build.0 = Release|Any CPU
		{0281585E-DD5A-4AED-ACCC-864910C51CB2}.Debug|Any CPU.ActiveCfg = Debug|Any CPU
		{0281585E-DD5A-4AED-ACCC-864910C51CB2}.Debug|Any CPU.Build.0 = Debug|Any CPU
		{0281585E-DD5A-4AED-ACCC-864910C51CB2}.Release|Any CPU.ActiveCfg = Release|Any CPU
		{0281585E-DD5A-4AED-ACCC-864910C51CB2}.Release|Any CPU.Build.0 = Release|Any CPU
		{B75D9070-1D21-484C-97C6-87F7E02B542B}.Debug|Any CPU.ActiveCfg = Debug|Any CPU
		{B75D9070-1D21-484C-97C6-87F7E02B542B}.Debug|Any CPU.Build.0 = Debug|Any CPU
		{B75D9070-1D21-484C-97C6-87F7E02B542B}.Release|Any CPU.ActiveCfg = Release|Any CPU
		{B75D9070-1D21-484C-97C6-87F7E02B542B}.Release|Any CPU.Build.0 = Release|Any CPU
		{F2BF6B35-49BF-4A3C-B672-A491F8D99064}.Debug|Any CPU.ActiveCfg = Debug|Any CPU
		{F2BF6B35-49BF-4A3C-B672-A491F8D99064}.Debug|Any CPU.Build.0 = Debug|Any CPU
		{F2BF6B35-49BF-4A3C-B672-A491F8D99064}.Release|Any CPU.ActiveCfg = Release|Any CPU
		{F2BF6B35-49BF-4A3C-B672-A491F8D99064}.Release|Any CPU.Build.0 = Release|Any CPU
		{B16A1595-9E88-42CB-A9A4-2A3FD75BA879}.Debug|Any CPU.ActiveCfg = Debug|Any CPU
		{B16A1595-9E88-42CB-A9A4-2A3FD75BA879}.Debug|Any CPU.Build.0 = Debug|Any CPU
		{B16A1595-9E88-42CB-A9A4-2A3FD75BA879}.Release|Any CPU.ActiveCfg = Release|Any CPU
		{B16A1595-9E88-42CB-A9A4-2A3FD75BA879}.Release|Any CPU.Build.0 = Release|Any CPU
		{DCAADC30-C60D-4F5D-AD1A-131CDCC91914}.Debug|Any CPU.ActiveCfg = Debug|Any CPU
		{DCAADC30-C60D-4F5D-AD1A-131CDCC91914}.Debug|Any CPU.Build.0 = Debug|Any CPU
		{DCAADC30-C60D-4F5D-AD1A-131CDCC91914}.Release|Any CPU.ActiveCfg = Release|Any CPU
		{DCAADC30-C60D-4F5D-AD1A-131CDCC91914}.Release|Any CPU.Build.0 = Release|Any CPU
		{64C86E6A-00F5-4278-BBA5-DF1A934782CB}.Debug|Any CPU.ActiveCfg = Debug|Any CPU
		{64C86E6A-00F5-4278-BBA5-DF1A934782CB}.Debug|Any CPU.Build.0 = Debug|Any CPU
		{64C86E6A-00F5-4278-BBA5-DF1A934782CB}.Release|Any CPU.ActiveCfg = Release|Any CPU
		{64C86E6A-00F5-4278-BBA5-DF1A934782CB}.Release|Any CPU.Build.0 = Release|Any CPU
		{E586B466-6029-457E-AF24-A75985FC4C2E}.Debug|Any CPU.ActiveCfg = Debug|Any CPU
		{E586B466-6029-457E-AF24-A75985FC4C2E}.Debug|Any CPU.Build.0 = Debug|Any CPU
		{E586B466-6029-457E-AF24-A75985FC4C2E}.Release|Any CPU.ActiveCfg = Release|Any CPU
		{E586B466-6029-457E-AF24-A75985FC4C2E}.Release|Any CPU.Build.0 = Release|Any CPU
		{58D1DBB6-3D9A-46BF-9828-A3AF8EE78079}.Debug|Any CPU.ActiveCfg = Debug|Any CPU
		{58D1DBB6-3D9A-46BF-9828-A3AF8EE78079}.Debug|Any CPU.Build.0 = Debug|Any CPU
		{58D1DBB6-3D9A-46BF-9828-A3AF8EE78079}.Release|Any CPU.ActiveCfg = Release|Any CPU
		{58D1DBB6-3D9A-46BF-9828-A3AF8EE78079}.Release|Any CPU.Build.0 = Release|Any CPU
		{4F13A1E3-EF9A-4959-9891-822161A36C1E}.Debug|Any CPU.ActiveCfg = Debug|Any CPU
		{4F13A1E3-EF9A-4959-9891-822161A36C1E}.Debug|Any CPU.Build.0 = Debug|Any CPU
		{4F13A1E3-EF9A-4959-9891-822161A36C1E}.Release|Any CPU.ActiveCfg = Release|Any CPU
		{4F13A1E3-EF9A-4959-9891-822161A36C1E}.Release|Any CPU.Build.0 = Release|Any CPU
	EndGlobalSection
	GlobalSection(SolutionProperties) = preSolution
		HideSolutionNode = FALSE
	EndGlobalSection
	GlobalSection(NestedProjects) = preSolution
		{85888A03-76A3-4278-9A05-EBE763057CFB} = {B94304FC-291A-41CD-9E82-8C59B4EE1F51}
		{009AF996-C2DE-400B-A56E-8C679F5EEB28} = {EA3F7C47-7F15-4B44-9ABC-36271DD9432A}
		{0281585E-DD5A-4AED-ACCC-864910C51CB2} = {59286EF0-296C-4384-AFCD-9544ECCA7A72}
		{B75D9070-1D21-484C-97C6-87F7E02B542B} = {59286EF0-296C-4384-AFCD-9544ECCA7A72}
		{F2BF6B35-49BF-4A3C-B672-A491F8D99064} = {59286EF0-296C-4384-AFCD-9544ECCA7A72}
		{B16A1595-9E88-42CB-A9A4-2A3FD75BA879} = {E032D23C-5362-46CB-BED7-26E289C8A0B6}
		{DCAADC30-C60D-4F5D-AD1A-131CDCC91914} = {E032D23C-5362-46CB-BED7-26E289C8A0B6}
		{64C86E6A-00F5-4278-BBA5-DF1A934782CB} = {23D53CD4-0637-42E7-8EAB-9FAB0F9110B6}
		{E586B466-6029-457E-AF24-A75985FC4C2E} = {23D53CD4-0637-42E7-8EAB-9FAB0F9110B6}
		{58D1DBB6-3D9A-46BF-9828-A3AF8EE78079} = {E032D23C-5362-46CB-BED7-26E289C8A0B6}
		{4F13A1E3-EF9A-4959-9891-822161A36C1E} = {E032D23C-5362-46CB-BED7-26E289C8A0B6}
	EndGlobalSection
	GlobalSection(ExtensibilityGlobals) = postSolution
		SolutionGuid = {E95CAC4B-A9C0-4A67-9ADB-06A9087C498F}
	EndGlobalSection
EndGlobal
